{
  "name": "fg-ecs-start",
  "version": "1.0.0",
  "lockfileVersion": 3,
  "requires": true,
  "packages": {
    "": {
      "name": "fg-ecs-start",
      "version": "1.0.0",
      "bundleDependencies": [
        "otc-api-sign-sdk-nodejs"
      ],
      "license": "ISC",
      "dependencies": {
        "otc-api-sign-sdk-nodejs": "file:../../.."
      }
    },
    "../../..": {
      "version": "1.0.0",
      "license": "ISC",
      "dependencies": {
        "crypto-js": "^4.2.0",
        "https-proxy-agent": "^7.0.6"
      },
      "engines": {
        "node": ">=8.0.0"
      }
    },
    "node_modules/otc-api-sign-sdk-nodejs": {
      "resolved": "../../..",
      "link": true
    }
  }
}
